// !$*UTF8*$!
{
	archiveVersion = 1;
	classes = {
	};
	objectVersion = 56;
	objects = {

/* Begin PBXBuildFile section */
		3C9F8CDB2C01B28200AA2DFD /* AppDelegate.swift in Sources */ = {isa = PBXBuildFile; fileRef = 3C9F8CDA2C01B28200AA2DFD /* AppDelegate.swift */; };
		3C9F8CDD2C01B28200AA2DFD /* SceneDelegate.swift in Sources */ = {isa = PBXBuildFile; fileRef = 3C9F8CDC2C01B28200AA2DFD /* SceneDelegate.swift */; };
		3C9F8CDF2C01B28200AA2DFD /* ViewController.swift in Sources */ = {isa = PBXBuildFile; fileRef = 3C9F8CDE2C01B28200AA2DFD /* ViewController.swift */; };
		3C9F8CE22C01B28200AA2DFD /* Main.storyboard in Resources */ = {isa = PBXBuildFile; fileRef = 3C9F8CE02C01B28200AA2DFD /* Main.storyboard */; };
		3C9F8CE42C01B28400AA2DFD /* Assets.xcassets in Resources */ = {isa = PBXBuildFile; fileRef = 3C9F8CE32C01B28400AA2DFD /* Assets.xcassets */; };
		3C9F8CE72C01B28400AA2DFD /* LaunchScreen.storyboard in Resources */ = {isa = PBXBuildFile; fileRef = 3C9F8CE52C01B28400AA2DFD /* LaunchScreen.storyboard */; };
		3C9F8CF22C01B28400AA2DFD /* PageViewController3Tests.swift in Sources */ = {isa = PBXBuildFile; fileRef = 3C9F8CF12C01B28400AA2DFD /* PageViewController3Tests.swift */; };
		3C9F8CFC2C01B28400AA2DFD /* PageViewController3UITests.swift in Sources */ = {isa = PBXBuildFile; fileRef = 3C9F8CFB2C01B28400AA2DFD /* PageViewController3UITests.swift */; };
		3C9F8CFE2C01B28400AA2DFD /* PageViewController3UITestsLaunchTests.swift in Sources */ = {isa = PBXBuildFile; fileRef = 3C9F8CFD2C01B28400AA2DFD /* PageViewController3UITestsLaunchTests.swift */; };
/* End PBXBuildFile section */

/* Begin PBXContainerItemProxy section */
		3C9F8CEE2C01B28400AA2DFD /* PBXContainerItemProxy */ = {
			isa = PBXContainerItemProxy;
			containerPortal = 3C9F8CCF2C01B28200AA2DFD /* Project object */;
			proxyType = 1;
			remoteGlobalIDString = 3C9F8CD62C01B28200AA2DFD;
			remoteInfo = PageViewController3;
		};
		3C9F8CF82C01B28400AA2DFD /* PBXContainerItemProxy */ = {
			isa = PBXContainerItemProxy;
			containerPortal = 3C9F8CCF2C01B28200AA2DFD /* Project object */;
			proxyType = 1;
			remoteGlobalIDString = 3C9F8CD62C01B28200AA2DFD;
			remoteInfo = PageViewController3;
		};
/* End PBXContainerItemProxy section */

/* Begin PBXFileReference section */
		3C9F8CD72C01B28200AA2DFD /* PageViewController3.app */ = {isa = PBXFileReference; explicitFileType = wrapper.application; includeInIndex = 0; path = PageViewController3.app; sourceTree = BUILT_PRODUCTS_DIR; };
		3C9F8CDA2C01B28200AA2DFD /* AppDelegate.swift */ = {isa = PBXFileReference; lastKnownFileType = sourcecode.swift; path = AppDelegate.swift; sourceTree = "<group>"; };
		3C9F8CDC2C01B28200AA2DFD /* SceneDelegate.swift */ = {isa = PBXFileReference; lastKnownFileType = sourcecode.swift; path = SceneDelegate.swift; sourceTree = "<group>"; };
		3C9F8CDE2C01B28200AA2DFD /* ViewController.swift */ = {isa = PBXFileReference; lastKnownFileType = sourcecode.swift; path = ViewController.swift; sourceTree = "<group>"; };
		3C9F8CE12C01B28200AA2DFD /* Base */ = {isa = PBXFileReference; lastKnownFileType = file.storyboard; name = Base; path = Base.lproj/Main.storyboard; sourceTree = "<group>"; };
		3C9F8CE32C01B28400AA2DFD /* Assets.xcassets */ = {isa = PBXFileReference; lastKnownFileType = folder.assetcatalog; path = Assets.xcassets; sourceTree = "<group>"; };
		3C9F8CE62C01B28400AA2DFD /* Base */ = {isa = PBXFileReference; lastKnownFileType = file.storyboard; name = Base; path = Base.lproj/LaunchScreen.storyboard; sourceTree = "<group>"; };
		3C9F8CE82C01B28400AA2DFD /* Info.plist */ = {isa = PBXFileReference; lastKnownFileType = text.plist.xml; path = Info.plist; sourceTree = "<group>"; };
		3C9F8CED2C01B28400AA2DFD /* PageViewController3Tests.xctest */ = {isa = PBXFileReference; explicitFileType = wrapper.cfbundle; includeInIndex = 0; path = PageViewController3Tests.xctest; sourceTree = BUILT_PRODUCTS_DIR; };
		3C9F8CF12C01B28400AA2DFD /* PageViewController3Tests.swift */ = {isa = PBXFileReference; lastKnownFileType = sourcecode.swift; path = PageViewController3Tests.swift; sourceTree = "<group>"; };
		3C9F8CF72C01B28400AA2DFD /* PageViewController3UITests.xctest */ = {isa = PBXFileReference; explicitFileType = wrapper.cfbundle; includeInIndex = 0; path = PageViewController3UITests.xctest; sourceTree = BUILT_PRODUCTS_DIR; };
		3C9F8CFB2C01B28400AA2DFD /* PageViewController3UITests.swift */ = {isa = PBXFileReference; lastKnownFileType = sourcecode.swift; path = PageViewController3UITests.swift; sourceTree = "<group>"; };
		3C9F8CFD2C01B28400AA2DFD /* PageViewController3UITestsLaunchTests.swift */ = {isa = PBXFileReference; lastKnownFileType = sourcecode.swift; path = PageViewController3UITestsLaunchTests.swift; sourceTree = "<group>"; };
/* End PBXFileReference section */

/* Begin PBXFrameworksBuildPhase section */
		3C9F8CD42C01B28200AA2DFD /* Frameworks */ = {
			isa = PBXFrameworksBuildPhase;
			buildActionMask = 2147483647;
			files = (
			);
			runOnlyForDeploymentPostprocessing = 0;
		};
		3C9F8CEA2C01B28400AA2DFD /* Frameworks */ = {
			isa = PBXFrameworksBuildPhase;
			buildActionMask = 2147483647;
			files = (
			);
			runOnlyForDeploymentPostprocessing = 0;
		};
		3C9F8CF42C01B28400AA2DFD /* Frameworks */ = {
			isa = PBXFrameworksBuildPhase;
			buildActionMask = 2147483647;
			files = (
			);
			runOnlyForDeploymentPostprocessing = 0;
		};
/* End PBXFrameworksBuildPhase section */

/* Begin PBXGroup section */
		3C9F8CCE2C01B28200AA2DFD = {
			isa = PBXGroup;
			children = (
				3C9F8CD92C01B28200AA2DFD /* PageViewController3 */,
				3C9F8CF02C01B28400AA2DFD /* PageViewController3Tests */,
				3C9F8CFA2C01B28400AA2DFD /* PageViewController3UITests */,
				3C9F8CD82C01B28200AA2DFD /* Products */,
			);
			sourceTree = "<group>";
		};
		3C9F8CD82C01B28200AA2DFD /* Products */ = {
			isa = PBXGroup;
			children = (
				3C9F8CD72C01B28200AA2DFD /* PageViewController3.app */,
				3C9F8CED2C01B28400AA2DFD /* PageViewController3Tests.xctest */,
				3C9F8CF72C01B28400AA2DFD /* PageViewController3UITests.xctest */,
			);
			name = Products;
			sourceTree = "<group>";
		};
		3C9F8CD92C01B28200AA2DFD /* PageViewController3 */ = {
			isa = PBXGroup;
			children = (
				3C9F8CDA2C01B28200AA2DFD /* AppDelegate.swift */,
				3C9F8CDC2C01B28200AA2DFD /* SceneDelegate.swift */,
				3C9F8CDE2C01B28200AA2DFD /* ViewController.swift */,
				3C9F8CE02C01B28200AA2DFD /* Main.storyboard */,
				3C9F8CE32C01B28400AA2DFD /* Assets.xcassets */,
				3C9F8CE52C01B28400AA2DFD /* LaunchScreen.storyboard */,
				3C9F8CE82C01B28400AA2DFD /* Info.plist */,
			);
			path = PageViewController3;
			sourceTree = "<group>";
		};
		3C9F8CF02C01B28400AA2DFD /* PageViewController3Tests */ = {
			isa = PBXGroup;
			children = (
				3C9F8CF12C01B28400AA2DFD /* PageViewController3Tests.swift */,
			);
			path = PageViewController3Tests;
			sourceTree = "<group>";
		};
		3C9F8CFA2C01B28400AA2DFD /* PageViewController3UITests */ = {
			isa = PBXGroup;
			children = (
				3C9F8CFB2C01B28400AA2DFD /* PageViewController3UITests.swift */,
				3C9F8CFD2C01B28400AA2DFD /* PageViewController3UITestsLaunchTests.swift */,
			);
			path = PageViewController3UITests;
			sourceTree = "<group>";
		};
/* End PBXGroup section */

/* Begin PBXNativeTarget section */
		3C9F8CD62C01B28200AA2DFD /* PageViewController3 */ = {
			isa = PBXNativeTarget;
			buildConfigurationList = 3C9F8D012C01B28400AA2DFD /* Build configuration list for PBXNativeTarget "PageViewController3" */;
			buildPhases = (
				3C9F8CD32C01B28200AA2DFD /* Sources */,
				3C9F8CD42C01B28200AA2DFD /* Frameworks */,
				3C9F8CD52C01B28200AA2DFD /* Resources */,
			);
			buildRules = (
			);
			dependencies = (
			);
			name = PageViewController3;
			productName = PageViewController3;
			productReference = 3C9F8CD72C01B28200AA2DFD /* PageViewController3.app */;
			productType = "com.apple.product-type.application";
		};
		3C9F8CEC2C01B28400AA2DFD /* PageViewController3Tests */ = {
			isa = PBXNativeTarget;
			buildConfigurationList = 3C9F8D042C01B28400AA2DFD /* Build configuration list for PBXNativeTarget "PageViewController3Tests" */;
			buildPhases = (
				3C9F8CE92C01B28400AA2DFD /* Sources */,
				3C9F8CEA2C01B28400AA2DFD /* Frameworks */,
				3C9F8CEB2C01B28400AA2DFD /* Resources */,
			);
			buildRules = (
			);
			dependencies = (
				3C9F8CEF2C01B28400AA2DFD /* PBXTargetDependency */,
			);
			name = PageViewController3Tests;
			productName = PageViewController3Tests;
			productReference = 3C9F8CED2C01B28400AA2DFD /* PageViewController3Tests.xctest */;
			productType = "com.apple.product-type.bundle.unit-test";
		};
		3C9F8CF62C01B28400AA2DFD /* PageViewController3UITests */ = {
			isa = PBXNativeTarget;
			buildConfigurationList = 3C9F8D072C01B28400AA2DFD /* Build configuration list for PBXNativeTarget "PageViewController3UITests" */;
			buildPhases = (
				3C9F8CF32C01B28400AA2DFD /* Sources */,
				3C9F8CF42C01B28400AA2DFD /* Frameworks */,
				3C9F8CF52C01B28400AA2DFD /* Resources */,
			);
			buildRules = (
			);
			dependencies = (
				3C9F8CF92C01B28400AA2DFD /* PBXTargetDependency */,
			);
			name = PageViewController3UITests;
			productName = PageViewController3UITests;
			productReference = 3C9F8CF72C01B28400AA2DFD /* PageViewController3UITests.xctest */;
			productType = "com.apple.product-type.bundle.ui-testing";
		};
/* End PBXNativeTarget section */

/* Begin PBXProject section */
		3C9F8CCF2C01B28200AA2DFD /* Project object */ = {
			isa = PBXProject;
			attributes = {
				BuildIndependentTargetsInParallel = 1;
				LastSwiftUpdateCheck = 1520;
				LastUpgradeCheck = 1520;
				TargetAttributes = {
					3C9F8CD62C01B28200AA2DFD = {
						CreatedOnToolsVersion = 15.2;
					};
					3C9F8CEC2C01B28400AA2DFD = {
						CreatedOnToolsVersion = 15.2;
						TestTargetID = 3C9F8CD62C01B28200AA2DFD;
					};
					3C9F8CF62C01B28400AA2DFD = {
						CreatedOnToolsVersion = 15.2;
						TestTargetID = 3C9F8CD62C01B28200AA2DFD;
					};
				};
			};
			buildConfigurationList = 3C9F8CD22C01B28200AA2DFD /* Build configuration list for PBXProject "PageViewController3" */;
			compatibilityVersion = "Xcode 14.0";
			developmentRegion = en;
			hasScannedForEncodings = 0;
			knownRegions = (
				en,
				Base,
			);
			mainGroup = 3C9F8CCE2C01B28200AA2DFD;
			productRefGroup = 3C9F8CD82C01B28200AA2DFD /* Products */;
			projectDirPath = "";
			projectRoot = "";
			targets = (
				3C9F8CD62C01B28200AA2DFD /* PageViewController3 */,
				3C9F8CEC2C01B28400AA2DFD /* PageViewController3Tests */,
				3C9F8CF62C01B28400AA2DFD /* PageViewController3UITests */,
			);
		};
/* End PBXProject section */

/* Begin PBXResourcesBuildPhase section */
		3C9F8CD52C01B28200AA2DFD /* Resources */ = {
			isa = PBXResourcesBuildPhase;
			buildActionMask = 2147483647;
			files = (
				3C9F8CE72C01B28400AA2DFD /* LaunchScreen.storyboard in Resources */,
				3C9F8CE42C01B28400AA2DFD /* Assets.xcassets in Resources */,
				3C9F8CE22C01B28200AA2DFD /* Main.storyboard in Resources */,
			);
			runOnlyForDeploymentPostprocessing = 0;
		};
		3C9F8CEB2C01B28400AA2DFD /* Resources */ = {
			isa = PBXResourcesBuildPhase;
			buildActionMask = 2147483647;
			files = (
			);
			runOnlyForDeploymentPostprocessing = 0;
		};
		3C9F8CF52C01B28400AA2DFD /* Resources */ = {
			isa = PBXResourcesBuildPhase;
			buildActionMask = 2147483647;
			files = (
			);
			runOnlyForDeploymentPostprocessing = 0;
		};
/* End PBXResourcesBuildPhase section */

/* Begin PBXSourcesBuildPhase section */
		3C9F8CD32C01B28200AA2DFD /* Sources */ = {
			isa = PBXSourcesBuildPhase;
			buildActionMask = 2147483647;
			files = (
				3C9F8CDF2C01B28200AA2DFD /* ViewController.swift in Sources */,
				3C9F8CDB2C01B28200AA2DFD /* AppDelegate.swift in Sources */,
				3C9F8CDD2C01B28200AA2DFD /* SceneDelegate.swift in Sources */,
			);
			runOnlyForDeploymentPostprocessing = 0;
		};
		3C9F8CE92C01B28400AA2DFD /* Sources */ = {
			isa = PBXSourcesBuildPhase;
			buildActionMask = 2147483647;
			files = (
				3C9F8CF22C01B28400AA2DFD /* PageViewController3Tests.swift in Sources */,
			);
			runOnlyForDeploymentPostprocessing = 0;
		};
		3C9F8CF32C01B28400AA2DFD /* Sources */ = {
			isa = PBXSourcesBuildPhase;
			buildActionMask = 2147483647;
			files = (
				3C9F8CFE2C01B28400AA2DFD /* PageViewController3UITestsLaunchTests.swift in Sources */,
				3C9F8CFC2C01B28400AA2DFD /* PageViewController3UITests.swift in Sources */,
			);
			runOnlyForDeploymentPostprocessing = 0;
		};
/* End PBXSourcesBuildPhase section */

/* Begin PBXTargetDependency section */
		3C9F8CEF2C01B28400AA2DFD /* PBXTargetDependency */ = {
			isa = PBXTargetDependency;
			target = 3C9F8CD62C01B28200AA2DFD /* PageViewController3 */;
			targetProxy = 3C9F8CEE2C01B28400AA2DFD /* PBXContainerItemProxy */;
		};
		3C9F8CF92C01B28400AA2DFD /* PBXTargetDependency */ = {
			isa = PBXTargetDependency;
			target = 3C9F8CD62C01B28200AA2DFD /* PageViewController3 */;
			targetProxy = 3C9F8CF82C01B28400AA2DFD /* PBXContainerItemProxy */;
		};
/* End PBXTargetDependency section */

/* Begin PBXVariantGroup section */
		3C9F8CE02C01B28200AA2DFD /* Main.storyboard */ = {
			isa = PBXVariantGroup;
			children = (
				3C9F8CE12C01B28200AA2DFD /* Base */,
			);
			name = Main.storyboard;
			sourceTree = "<group>";
		};
		3C9F8CE52C01B28400AA2DFD /* LaunchScreen.storyboard */ = {
			isa = PBXVariantGroup;
			children = (
				3C9F8CE62C01B28400AA2DFD /* Base */,
			);
			name = LaunchScreen.storyboard;
			sourceTree = "<group>";
		};
/* End PBXVariantGroup section */

/* Begin XCBuildConfiguration section */
		3C9F8CFF2C01B28400AA2DFD /* Debug */ = {
			isa = XCBuildConfiguration;
			buildSettings = {
				ALWAYS_SEARCH_USER_PATHS = NO;
				ASSETCATALOG_COMPILER_GENERATE_SWIFT_ASSET_SYMBOL_EXTENSIONS = YES;
				CLANG_ANALYZER_NONNULL = YES;
				CLANG_ANALYZER_NUMBER_OBJECT_CONVERSION = YES_AGGRESSIVE;
				CLANG_CXX_LANGUAGE_STANDARD = "gnu++20";
				CLANG_ENABLE_MODULES = YES;
				CLANG_ENABLE_OBJC_ARC = YES;
				CLANG_ENABLE_OBJC_WEAK = YES;
				CLANG_WARN_BLOCK_CAPTURE_AUTORELEASING = YES;
				CLANG_WARN_BOOL_CONVERSION = YES;
				CLANG_WARN_COMMA = YES;
				CLANG_WARN_CONSTANT_CONVERSION = YES;
				CLANG_WARN_DEPRECATED_OBJC_IMPLEMENTATIONS = YES;
				CLANG_WARN_DIRECT_OBJC_ISA_USAGE = YES_ERROR;
				CLANG_WARN_DOCUMENTATION_COMMENTS = YES;
				CLANG_WARN_EMPTY_BODY = YES;
				CLANG_WARN_ENUM_CONVERSION = YES;
				CLANG_WARN_INFINITE_RECURSION = YES;
				CLANG_WARN_INT_CONVERSION = YES;
				CLANG_WARN_NON_LITERAL_NULL_CONVERSION = YES;
				CLANG_WARN_OBJC_IMPLICIT_RETAIN_SELF = YES;
				CLANG_WARN_OBJC_LITERAL_CONVERSION = YES;
				CLANG_WARN_OBJC_ROOT_CLASS = YES_ERROR;
				CLANG_WARN_QUOTED_INCLUDE_IN_FRAMEWORK_HEADER = YES;
				CLANG_WARN_RANGE_LOOP_ANALYSIS = YES;
				CLANG_WARN_STRICT_PROTOTYPES = YES;
				CLANG_WARN_SUSPICIOUS_MOVE = YES;
				CLANG_WARN_UNGUARDED_AVAILABILITY = YES_AGGRESSIVE;
				CLANG_WARN_UNREACHABLE_CODE = YES;
				CLANG_WARN__DUPLICATE_METHOD_MATCH = YES;
				COPY_PHASE_STRIP = NO;
				DEBUG_INFORMATION_FORMAT = dwarf;
				ENABLE_STRICT_OBJC_MSGSEND = YES;
				ENABLE_TESTABILITY = YES;
				ENABLE_USER_SCRIPT_SANDBOXING = YES;
				GCC_C_LANGUAGE_STANDARD = gnu17;
				GCC_DYNAMIC_NO_PIC = NO;
				GCC_NO_COMMON_BLOCKS = YES;
				GCC_OPTIMIZATION_LEVEL = 0;
				GCC_PREPROCESSOR_DEFINITIONS = (
					"DEBUG=1",
					"$(inherited)",
				);
				GCC_WARN_64_TO_32_BIT_CONVERSION = YES;
				GCC_WARN_ABOUT_RETURN_TYPE = YES_ERROR;
				GCC_WARN_UNDECLARED_SELECTOR = YES;
				GCC_WARN_UNINITIALIZED_AUTOS = YES_AGGRESSIVE;
				GCC_WARN_UNUSED_FUNCTION = YES;
				GCC_WARN_UNUSED_VARIABLE = YES;
				IPHONEOS_DEPLOYMENT_TARGET = 17.2;
				LOCALIZATION_PREFERS_STRING_CATALOGS = YES;
				MTL_ENABLE_DEBUG_INFO = INCLUDE_SOURCE;
				MTL_FAST_MATH = YES;
				ONLY_ACTIVE_ARCH = YES;
				SDKROOT = iphoneos;
				SWIFT_ACTIVE_COMPILATION_CONDITIONS = "DEBUG $(inherited)";
				SWIFT_OPTIMIZATION_LEVEL = "-Onone";
			};
			name = Debug;
		};
		3C9F8D002C01B28400AA2DFD /* Release */ = {
			isa = XCBuildConfiguration;
			buildSettings = {
				ALWAYS_SEARCH_USER_PATHS = NO;
				ASSETCATALOG_COMPILER_GENERATE_SWIFT_ASSET_SYMBOL_EXTENSIONS = YES;
				CLANG_ANALYZER_NONNULL = YES;
				CLANG_ANALYZER_NUMBER_OBJECT_CONVERSION = YES_AGGRESSIVE;
				CLANG_CXX_LANGUAGE_STANDARD = "gnu++20";
				CLANG_ENABLE_MODULES = YES;
				CLANG_ENABLE_OBJC_ARC = YES;
				CLANG_ENABLE_OBJC_WEAK = YES;
				CLANG_WARN_BLOCK_CAPTURE_AUTORELEASING = YES;
				CLANG_WARN_BOOL_CONVERSION = YES;
				CLANG_WARN_COMMA = YES;
				CLANG_WARN_CONSTANT_CONVERSION = YES;
				CLANG_WARN_DEPRECATED_OBJC_IMPLEMENTATIONS = YES;
				CLANG_WARN_DIRECT_OBJC_ISA_USAGE = YES_ERROR;
				CLANG_WARN_DOCUMENTATION_COMMENTS = YES;
				CLANG_WARN_EMPTY_BODY = YES;
				CLANG_WARN_ENUM_CONVERSION = YES;
				CLANG_WARN_INFINITE_RECURSION = YES;
				CLANG_WARN_INT_CONVERSION = YES;
				CLANG_WARN_NON_LITERAL_NULL_CONVERSION = YES;
				CLANG_WARN_OBJC_IMPLICIT_RETAIN_SELF = YES;
				CLANG_WARN_OBJC_LITERAL_CONVERSION = YES;
				CLANG_WARN_OBJC_ROOT_CLASS = YES_ERROR;
				CLANG_WARN_QUOTED_INCLUDE_IN_FRAMEWORK_HEADER = YES;
				CLANG_WARN_RANGE_LOOP_ANALYSIS = YES;
				CLANG_WARN_STRICT_PROTOTYPES = YES;
				CLANG_WARN_SUSPICIOUS_MOVE = YES;
				CLANG_WARN_UNGUARDED_AVAILABILITY = YES_AGGRESSIVE;
				CLANG_WARN_UNREACHABLE_CODE = YES;
				CLANG_WARN__DUPLICATE_METHOD_MATCH = YES;
				COPY_PHASE_STRIP = NO;
				DEBUG_INFORMATION_FORMAT = "dwarf-with-dsym";
				ENABLE_NS_ASSERTIONS = NO;
				ENABLE_STRICT_OBJC_MSGSEND = YES;
				ENABLE_USER_SCRIPT_SANDBOXING = YES;
				GCC_C_LANGUAGE_STANDARD = gnu17;
				GCC_NO_COMMON_BLOCKS = YES;
				GCC_WARN_64_TO_32_BIT_CONVERSION = YES;
				GCC_WARN_ABOUT_RETURN_TYPE = YES_ERROR;
				GCC_WARN_UNDECLARED_SELECTOR = YES;
				GCC_WARN_UNINITIALIZED_AUTOS = YES_AGGRESSIVE;
				GCC_WARN_UNUSED_FUNCTION = YES;
				GCC_WARN_UNUSED_VARIABLE = YES;
				IPHONEOS_DEPLOYMENT_TARGET = 17.2;
				LOCALIZATION_PREFERS_STRING_CATALOGS = YES;
				MTL_ENABLE_DEBUG_INFO = NO;
				MTL_FAST_MATH = YES;
				SDKROOT = iphoneos;
				SWIFT_COMPILATION_MODE = wholemodule;
				VALIDATE_PRODUCT = YES;
			};
			name = Release;
		};
		3C9F8D022C01B28400AA2DFD /* Debug */ = {
			isa = XCBuildConfiguration;
			buildSettings = {
				ASSETCATALOG_COMPILER_APPICON_NAME = AppIcon;
				ASSETCATALOG_COMPILER_GLOBAL_ACCENT_COLOR_NAME = AccentColor;
				CODE_SIGN_STYLE = Automatic;
				CURRENT_PROJECT_VERSION = 1;
				DEVELOPMENT_TEAM = 5BR9PKVDZT;
				GENERATE_INFOPLIST_FILE = YES;
				INFOPLIST_FILE = PageViewController3/Info.plist;
				INFOPLIST_KEY_UIApplicationSupportsIndirectInputEvents = YES;
				INFOPLIST_KEY_UILaunchStoryboardName = LaunchScreen;
				INFOPLIST_KEY_UIMainStoryboardFile = Main;
				INFOPLIST_KEY_UISupportedInterfaceOrientations_iPad = "UIInterfaceOrientationPortrait UIInterfaceOrientationPortraitUpsideDown UIInterfaceOrientationLandscapeLeft UIInterfaceOrientationLandscapeRight";
				INFOPLIST_KEY_UISupportedInterfaceOrientations_iPhone = "UIInterfaceOrientationPortrait UIInterfaceOrientationLandscapeLeft UIInterfaceOrientationLandscapeRight";
				LD_RUNPATH_SEARCH_PATHS = (
					"$(inherited)",
					"@executable_path/Frameworks",
				);
				MARKETING_VERSION = 1.0;
				PRODUCT_BUNDLE_IDENTIFIER = okue.PageViewController3;
				PRODUCT_NAME = "$(TARGET_NAME)";
				SWIFT_EMIT_LOC_STRINGS = YES;
				SWIFT_VERSION = 5.0;
				TARGETED_DEVICE_FAMILY = "1,2";
			};
			name = Debug;
		};
		3C9F8D032C01B28400AA2DFD /* Release */ = {
			isa = XCBuildConfiguration;
			buildSettings = {
				ASSETCATALOG_COMPILER_APPICON_NAME = AppIcon;
				ASSETCATALOG_COMPILER_GLOBAL_ACCENT_COLOR_NAME = AccentColor;
				CODE_SIGN_STYLE = Automatic;
				CURRENT_PROJECT_VERSION = 1;
				DEVELOPMENT_TEAM = 5BR9PKVDZT;
				GENERATE_INFOPLIST_FILE = YES;
				INFOPLIST_FILE = PageViewController3/Info.plist;
				INFOPLIST_KEY_UIApplicationSupportsIndirectInputEvents = YES;
				INFOPLIST_KEY_UILaunchStoryboardName = LaunchScreen;
				INFOPLIST_KEY_UIMainStoryboardFile = Main;
				INFOPLIST_KEY_UISupportedInterfaceOrientations_iPad = "UIInterfaceOrientationPortrait UIInterfaceOrientationPortraitUpsideDown UIInterfaceOrientationLandscapeLeft UIInterfaceOrientationLandscapeRight";
				INFOPLIST_KEY_UISupportedInterfaceOrientations_iPhone = "UIInterfaceOrientationPortrait UIInterfaceOrientationLandscapeLeft UIInterfaceOrientationLandscapeRight";
				LD_RUNPATH_SEARCH_PATHS = (
					"$(inherited)",
					"@executable_path/Frameworks",
				);
				MARKETING_VERSION = 1.0;
				PRODUCT_BUNDLE_IDENTIFIER = okue.PageViewController3;
				PRODUCT_NAME = "$(TARGET_NAME)";
				SWIFT_EMIT_LOC_STRINGS = YES;
				SWIFT_VERSION = 5.0;
				TARGETED_DEVICE_FAMILY = "1,2";
			};
			name = Release;
		};
		3C9F8D052C01B28400AA2DFD /* Debug */ = {
			isa = XCBuildConfiguration;
			buildSettings = {
				ALWAYS_EMBED_SWIFT_STANDARD_LIBRARIES = YES;
				BUNDLE_LOADER = "$(TEST_HOST)";
				CODE_SIGN_STYLE = Automatic;
				CURRENT_PROJECT_VERSION = 1;
				DEVELOPMENT_TEAM = 5BR9PKVDZT;
				GENERATE_INFOPLIST_FILE = YES;
				IPHONEOS_DEPLOYMENT_TARGET = 17.2;
				MARKETING_VERSION = 1.0;
				PRODUCT_BUNDLE_IDENTIFIER = okue.PageViewController3Tests;
				PRODUCT_NAME = "$(TARGET_NAME)";
				SWIFT_EMIT_LOC_STRINGS = NO;
				SWIFT_VERSION = 5.0;
				TARGETED_DEVICE_FAMILY = "1,2";
				TEST_HOST = "$(BUILT_PRODUCTS_DIR)/PageViewController3.app/$(BUNDLE_EXECUTABLE_FOLDER_PATH)/PageViewController3";
			};
			name = Debug;
		};
		3C9F8D062C01B28400AA2DFD /* Release */ = {
			isa = XCBuildConfiguration;
			buildSettings = {
				ALWAYS_EMBED_SWIFT_STANDARD_LIBRARIES = YES;
				BUNDLE_LOADER = "$(TEST_HOST)";
				CODE_SIGN_STYLE = Automatic;
				CURRENT_PROJECT_VERSION = 1;
				DEVELOPMENT_TEAM = 5BR9PKVDZT;
				GENERATE_INFOPLIST_FILE = YES;
				IPHONEOS_DEPLOYMENT_TARGET = 17.2;
				MARKETING_VERSION = 1.0;
				PRODUCT_BUNDLE_IDENTIFIER = okue.PageViewController3Tests;
				PRODUCT_NAME = "$(TARGET_NAME)";
				SWIFT_EMIT_LOC_STRINGS = NO;
				SWIFT_VERSION = 5.0;
				TARGETED_DEVICE_FAMILY = "1,2";
				TEST_HOST = "$(BUILT_PRODUCTS_DIR)/PageViewController3.app/$(BUNDLE_EXECUTABLE_FOLDER_PATH)/PageViewController3";
			};
			name = Release;
		};
		3C9F8D082C01B28400AA2DFD /* Debug */ = {
			isa = XCBuildConfiguration;
			buildSettings = {
				ALWAYS_EMBED_SWIFT_STANDARD_LIBRARIES = YES;
				CODE_SIGN_STYLE = Automatic;
				CURRENT_PROJECT_VERSION = 1;
				DEVELOPMENT_TEAM = 5BR9PKVDZT;
				GENERATE_INFOPLIST_FILE = YES;
				MARKETING_VERSION = 1.0;
				PRODUCT_BUNDLE_IDENTIFIER = okue.PageViewController3UITests;
				PRODUCT_NAME = "$(TARGET_NAME)";
				SWIFT_EMIT_LOC_STRINGS = NO;
				SWIFT_VERSION = 5.0;
				TARGETED_DEVICE_FAMILY = "1,2";
				TEST_TARGET_NAME = PageViewController3;
			};
			name = Debug;
		};
		3C9F8D092C01B28400AA2DFD /* Release */ = {
			isa = XCBuildConfiguration;
			buildSettings = {
				ALWAYS_EMBED_SWIFT_STANDARD_LIBRARIES = YES;
				CODE_SIGN_STYLE = Automatic;
				CURRENT_PROJECT_VERSION = 1;
				DEVELOPMENT_TEAM = 5BR9PKVDZT;
				GENERATE_INFOPLIST_FILE = YES;
				MARKETING_VERSION = 1.0;
				PRODUCT_BUNDLE_IDENTIFIER = okue.PageViewController3UITests;
				PRODUCT_NAME = "$(TARGET_NAME)";
				SWIFT_EMIT_LOC_STRINGS = NO;
				SWIFT_VERSION = 5.0;
				TARGETED_DEVICE_FAMILY = "1,2";
				TEST_TARGET_NAME = PageViewController3;
			};
			name = Release;
		};
/* End XCBuildConfiguration section */

/* Begin XCConfigurationList section */
		3C9F8CD22C01B28200AA2DFD /* Build configuration list for PBXProject "PageViewController3" */ = {
			isa = XCConfigurationList;
			buildConfigurations = (
				3C9F8CFF2C01B28400AA2DFD /* Debug */,
				3C9F8D002C01B28400AA2DFD /* Release */,
			);
			defaultConfigurationIsVisible = 0;
			defaultConfigurationName = Release;
		};
		3C9F8D012C01B28400AA2DFD /* Build configuration list for PBXNativeTarget "PageViewController3" */ = {
			isa = XCConfigurationList;
			buildConfigurations = (
				3C9F8D022C01B28400AA2DFD /* Debug */,
				3C9F8D032C01B28400AA2DFD /* Release */,
			);
			defaultConfigurationIsVisible = 0;
			defaultConfigurationName = Release;
		};
		3C9F8D042C01B28400AA2DFD /* Build configuration list for PBXNativeTarget "PageViewController3Tests" */ = {
			isa = XCConfigurationList;
			buildConfigurations = (
				3C9F8D052C01B28400AA2DFD /* Debug */,
				3C9F8D062C01B28400AA2DFD /* Release */,
			);
			defaultConfigurationIsVisible = 0;
			defaultConfigurationName = Release;
		};
		3C9F8D072C01B28400AA2DFD /* Build configuration list for PBXNativeTarget "PageViewController3UITests" */ = {
			isa = XCConfigurationList;
			buildConfigurations = (
				3C9F8D082C01B28400AA2DFD /* Debug */,
				3C9F8D092C01B28400AA2DFD /* Release */,
			);
			defaultConfigurationIsVisible = 0;
			defaultConfigurationName = Release;
		};
/* End XCConfigurationList section */
	};
	rootObject = 3C9F8CCF2C01B28200AA2DFD /* Project object */;
}
